# THIS IS AN AUTOGENERATED FILE. DO NOT EDIT THIS FILE DIRECTLY.
# yarn lockfile v1


"@aws-cdk/aws-iam@^0.8.2":
  version "0.8.2"
  resolved "https://registry.yarnpkg.com/@aws-cdk/aws-iam/-/aws-iam-0.8.2.tgz#31133fee2dacd78ff0aa7860cc6c9762848f0b67"
  dependencies:
    "@aws-cdk/cdk" "^0.8.2"

"@aws-cdk/aws-kms@^0.8.2":
  version "0.8.2"
  resolved "https://registry.yarnpkg.com/@aws-cdk/aws-kms/-/aws-kms-0.8.2.tgz#436b6d7c65194eb27fe060c4a2930266c9872b3c"
  dependencies:
    "@aws-cdk/aws-iam" "^0.8.2"
    "@aws-cdk/cdk" "^0.8.2"

"@aws-cdk/aws-s3-notifications@^0.8.2":
  version "0.8.2"
  resolved "https://registry.yarnpkg.com/@aws-cdk/aws-s3-notifications/-/aws-s3-notifications-0.8.2.tgz#c6cc5e2635a3904072d54763c0350891d75c35be"
  dependencies:
    "@aws-cdk/cdk" "^0.8.2"

"@aws-cdk/aws-s3@^0.8.2":
  version "0.8.2"
  resolved "https://registry.yarnpkg.com/@aws-cdk/aws-s3/-/aws-s3-0.8.2.tgz#dd893c3940ed5a292bd8b1531f58b94ea637e59f"
  dependencies:
    "@aws-cdk/aws-iam" "^0.8.2"
    "@aws-cdk/aws-kms" "^0.8.2"
    "@aws-cdk/aws-s3-notifications" "^0.8.2"
    "@aws-cdk/cdk" "^0.8.2"

"@aws-cdk/cdk@^0.8.2":
  version "0.8.2"
  resolved "https://registry.yarnpkg.com/@aws-cdk/cdk/-/cdk-0.8.2.tgz#689a206c72105e5f0e305836040033e47a97e3b8"
  dependencies:
    "@aws-cdk/cx-api" "^0.8.2"
    js-base64 "^2.4.5"
    json-diff "^0.3.1"

"@aws-cdk/cx-api@^0.8.2":
  version "0.8.2"
  resolved "https://registry.yarnpkg.com/@aws-cdk/cx-api/-/cx-api-0.8.2.tgz#73bb5ce9ef22f1b1f9eb894ce38f4ceb5da75987"

"@types/node@^10.9.4":
  version "10.9.4"
  resolved "https://registry.yarnpkg.com/@types/node/-/node-10.9.4.tgz#0f4cb2dc7c1de6096055357f70179043c33e9897"

cli-color@~0.1.6:
  version "0.1.7"
  resolved "https://registry.yarnpkg.com/cli-color/-/cli-color-0.1.7.tgz#adc3200fa471cc211b0da7f566b71e98b9d67347"
  dependencies:
    es5-ext "0.8.x"

difflib@~0.2.1:
  version "0.2.4"
  resolved "https://registry.yarnpkg.com/difflib/-/difflib-0.2.4.tgz#b5e30361a6db023176d562892db85940a718f47e"
  dependencies:
    heap ">= 0.2.0"

dreamopt@~0.6.0:
  version "0.6.0"
  resolved "https://registry.yarnpkg.com/dreamopt/-/dreamopt-0.6.0.tgz#d813ccdac8d39d8ad526775514a13dda664d6b4b"
  dependencies:
    wordwrap ">=0.0.2"

es5-ext@0.8.x:
  version "0.8.2"
  resolved "https://registry.yarnpkg.com/es5-ext/-/es5-ext-0.8.2.tgz#aba8d9e1943a895ac96837a62a39b3f55ecd94ab"

"heap@>= 0.2.0":
  version "0.2.6"
  resolved "https://registry.yarnpkg.com/heap/-/heap-0.2.6.tgz#087e1f10b046932fc8594dd9e6d378afc9d1e5ac"

js-base64@^2.4.5:
  version "2.4.9"
  resolved "https://registry.yarnpkg.com/js-base64/-/js-base64-2.4.9.tgz#748911fb04f48a60c4771b375cac45a80df11c03"

json-diff@^0.3.1:
  version "0.3.1"
  resolved "https://registry.yarnpkg.com/json-diff/-/json-diff-0.3.1.tgz#6dbc3ae2d25e075a7fd71bcd9874458666fb681b"
  dependencies:
    cli-color "~0.1.6"
    difflib "~0.2.1"
    dreamopt "~0.6.0"

prettier@^1.14.2:
  version "1.14.2"
  resolved "https://registry.yarnpkg.com/prettier/-/prettier-1.14.2.tgz#0ac1c6e1a90baa22a62925f41963c841983282f9"

typescript@^3.0.3:
  version "3.0.3"
  resolved "https://registry.yarnpkg.com/typescript/-/typescript-3.0.3.tgz#4853b3e275ecdaa27f78fda46dc273a7eb7fc1c8"

wordwrap@>=0.0.2:
  version "1.0.0"
  resolved "https://registry.yarnpkg.com/wordwrap/-/wordwrap-1.0.0.tgz#27584810891456a4171c8d0226441ade90cbcaeb"
